// !$*UTF8*$!
{
	archiveVersion = 1;
	classes = {
	};
	objectVersion = 46;
	objects = {

/* Begin PBXBuildFile section */
		0303B73813A21A5500026979 /* bounds.c in Sources */ = {isa = PBXBuildFile; fileRef = 0303B73613A21A5500026979 /* bounds.c */; };
		0303B73D13A21C1200026979 /* utils.m in Sources */ = {isa = PBXBuildFile; fileRef = 0303B73C13A21C1200026979 /* utils.m */; };
		030BEFDE13A2183F0016562A /* UIKit.framework in Frameworks */ = {isa = PBXBuildFile; fileRef = 030BEFDD13A2183F0016562A /* UIKit.framework */; };
		030BEFE013A2183F0016562A /* Foundation.framework in Frameworks */ = {isa = PBXBuildFile; fileRef = 030BEFDF13A2183F0016562A /* Foundation.framework */; };
		030BEFE213A2183F0016562A /* CoreGraphics.framework in Frameworks */ = {isa = PBXBuildFile; fileRef = 030BEFE113A2183F0016562A /* CoreGraphics.framework */; };
		030BEFE813A2183F0016562A /* InfoPlist.strings in Resources */ = {isa = PBXBuildFile; fileRef = 030BEFE613A2183F0016562A /* InfoPlist.strings */; };
		030BEFEB13A2183F0016562A /* main.m in Sources */ = {isa = PBXBuildFile; fileRef = 030BEFEA13A2183F0016562A /* main.m */; };
		030BEFEE13A2183F0016562A /* BlitzradarAppDelegate.m in Sources */ = {isa = PBXBuildFile; fileRef = 030BEFED13A2183F0016562A /* BlitzradarAppDelegate.m */; };
		030BEFF113A2183F0016562A /* MainWindow.xib in Resources */ = {isa = PBXBuildFile; fileRef = 030BEFEF13A2183F0016562A /* MainWindow.xib */; };
		030BEFF413A2183F0016562A /* FirstViewController.m in Sources */ = {isa = PBXBuildFile; fileRef = 030BEFF313A2183F0016562A /* FirstViewController.m */; };
		030BEFF713A2183F0016562A /* SecondViewController.m in Sources */ = {isa = PBXBuildFile; fileRef = 030BEFF613A2183F0016562A /* SecondViewController.m */; };
		030BEFFA13A2183F0016562A /* FirstView.xib in Resources */ = {isa = PBXBuildFile; fileRef = 030BEFF813A2183F0016562A /* FirstView.xib */; };
		030BEFFD13A2183F0016562A /* SecondView.xib in Resources */ = {isa = PBXBuildFile; fileRef = 030BEFFB13A2183F0016562A /* SecondView.xib */; };
		0346FF9713A37187008AC262 /* 95-equalizer.png in Resources */ = {isa = PBXBuildFile; fileRef = 0346FF9513A37187008AC262 /* 95-equalizer.png */; };
		0346FF9813A37187008AC262 /* 95-equalizer@2x.png in Resources */ = {isa = PBXBuildFile; fileRef = 0346FF9613A37187008AC262 /* 95-equalizer@2x.png */; };
		0346FF9C13A371F6008AC262 /* 64-zap.png in Resources */ = {isa = PBXBuildFile; fileRef = 0346FF9A13A371F6008AC262 /* 64-zap.png */; };
		0346FF9D13A371F6008AC262 /* 64-zap@2x.png in Resources */ = {isa = PBXBuildFile; fileRef = 0346FF9B13A371F6008AC262 /* 64-zap@2x.png */; };
		0346FFA013A375AD008AC262 /* UpdateOperation.m in Sources */ = {isa = PBXBuildFile; fileRef = 0346FF9F13A375AC008AC262 /* UpdateOperation.m */; };
		03D8892913A8F086001BAF74 /* de_sat.png in Resources */ = {isa = PBXBuildFile; fileRef = 03D8892813A8F086001BAF74 /* de_sat.png */; };
		03D8892D13A8F1CD001BAF74 /* pl_sat.png in Resources */ = {isa = PBXBuildFile; fileRef = 03D8892B13A8F1CD001BAF74 /* pl_sat.png */; };
		03D8892E13A8F1CD001BAF74 /* pl.png in Resources */ = {isa = PBXBuildFile; fileRef = 03D8892C13A8F1CD001BAF74 /* pl.png */; };
		03D9A6BC13A8EF24002B37A5 /* de.png in Resources */ = {isa = PBXBuildFile; fileRef = 03D9A6BB13A8EF24002B37A5 /* de.png */; };
		03F45D3C13A22A46009EC5D3 /* TapZoomScrollView.m in Sources */ = {isa = PBXBuildFile; fileRef = 03F45D3B13A22A46009EC5D3 /* TapZoomScrollView.m */; };
		03F45D4813A23C1C009EC5D3 /* data.m in Sources */ = {isa = PBXBuildFile; fileRef = 03F45D4713A23C1C009EC5D3 /* data.m */; };
/* End PBXBuildFile section */

/* Begin PBXFileReference section */
		0303B73613A21A5500026979 /* bounds.c */ = {isa = PBXFileReference; fileEncoding = 4; lastKnownFileType = sourcecode.c.c; path = bounds.c; sourceTree = "<group>"; };
		0303B73713A21A5500026979 /* bounds.h */ = {isa = PBXFileReference; fileEncoding = 4; lastKnownFileType = sourcecode.c.h; path = bounds.h; sourceTree = "<group>"; };
		0303B73A13A21BC900026979 /* defines.h */ = {isa = PBXFileReference; fileEncoding = 4; lastKnownFileType = sourcecode.c.h; path = defines.h; sourceTree = "<group>"; };
		0303B73B13A21C1200026979 /* utils.h */ = {isa = PBXFileReference; fileEncoding = 4; lastKnownFileType = sourcecode.c.h; path = utils.h; sourceTree = "<group>"; };
		0303B73C13A21C1200026979 /* utils.m */ = {isa = PBXFileReference; fileEncoding = 4; lastKnownFileType = sourcecode.c.objc; path = utils.m; sourceTree = "<group>"; };
		030BEFD913A2183F0016562A /* Blitzradar.app */ = {isa = PBXFileReference; explicitFileType = wrapper.application; includeInIndex = 0; path = Blitzradar.app; sourceTree = BUILT_PRODUCTS_DIR; };
		030BEFDD13A2183F0016562A /* UIKit.framework */ = {isa = PBXFileReference; lastKnownFileType = wrapper.framework; name = UIKit.framework; path = System/Library/Frameworks/UIKit.framework; sourceTree = SDKROOT; };
		030BEFDF13A2183F0016562A /* Foundation.framework */ = {isa = PBXFileReference; lastKnownFileType = wrapper.framework; name = Foundation.framework; path = System/Library/Frameworks/Foundation.framework; sourceTree = SDKROOT; };
		030BEFE113A2183F0016562A /* CoreGraphics.framework */ = {isa = PBXFileReference; lastKnownFileType = wrapper.framework; name = CoreGraphics.framework; path = System/Library/Frameworks/CoreGraphics.framework; sourceTree = SDKROOT; };
		030BEFE513A2183F0016562A /* Blitzradar-Info.plist */ = {isa = PBXFileReference; lastKnownFileType = text.plist.xml; path = "Blitzradar-Info.plist"; sourceTree = "<group>"; };
		030BEFE713A2183F0016562A /* en */ = {isa = PBXFileReference; lastKnownFileType = text.plist.strings; name = en; path = en.lproj/InfoPlist.strings; sourceTree = "<group>"; };
		030BEFE913A2183F0016562A /* Blitzradar-Prefix.pch */ = {isa = PBXFileReference; lastKnownFileType = sourcecode.c.h; path = "Blitzradar-Prefix.pch"; sourceTree = "<group>"; };
		030BEFEA13A2183F0016562A /* main.m */ = {isa = PBXFileReference; lastKnownFileType = sourcecode.c.objc; path = main.m; sourceTree = "<group>"; };
		030BEFEC13A2183F0016562A /* BlitzradarAppDelegate.h */ = {isa = PBXFileReference; lastKnownFileType = sourcecode.c.h; path = BlitzradarAppDelegate.h; sourceTree = "<group>"; };
		030BEFED13A2183F0016562A /* BlitzradarAppDelegate.m */ = {isa = PBXFileReference; lastKnownFileType = sourcecode.c.objc; path = BlitzradarAppDelegate.m; sourceTree = "<group>"; };
		030BEFF013A2183F0016562A /* en */ = {isa = PBXFileReference; lastKnownFileType = file.xib; name = en; path = en.lproj/MainWindow.xib; sourceTree = "<group>"; };
		030BEFF213A2183F0016562A /* FirstViewController.h */ = {isa = PBXFileReference; lastKnownFileType = sourcecode.c.h; path = FirstViewController.h; sourceTree = "<group>"; };
		030BEFF313A2183F0016562A /* FirstViewController.m */ = {isa = PBXFileReference; lastKnownFileType = sourcecode.c.objc; path = FirstViewController.m; sourceTree = "<group>"; };
		030BEFF513A2183F0016562A /* SecondViewController.h */ = {isa = PBXFileReference; lastKnownFileType = sourcecode.c.h; path = SecondViewController.h; sourceTree = "<group>"; };
		030BEFF613A2183F0016562A /* SecondViewController.m */ = {isa = PBXFileReference; lastKnownFileType = sourcecode.c.objc; path = SecondViewController.m; sourceTree = "<group>"; };
		030BEFF913A2183F0016562A /* en */ = {isa = PBXFileReference; lastKnownFileType = file.xib; name = en; path = en.lproj/FirstView.xib; sourceTree = "<group>"; };
		030BEFFC13A2183F0016562A /* en */ = {isa = PBXFileReference; lastKnownFileType = file.xib; name = en; path = en.lproj/SecondView.xib; sourceTree = "<group>"; };
		0346FF9513A37187008AC262 /* 95-equalizer.png */ = {isa = PBXFileReference; lastKnownFileType = image.png; path = "95-equalizer.png"; sourceTree = "<group>"; };
		0346FF9613A37187008AC262 /* 95-equalizer@2x.png */ = {isa = PBXFileReference; lastKnownFileType = image.png; path = "95-equalizer@2x.png"; sourceTree = "<group>"; };
		0346FF9A13A371F6008AC262 /* 64-zap.png */ = {isa = PBXFileReference; lastKnownFileType = image.png; path = "64-zap.png"; sourceTree = "<group>"; };
		0346FF9B13A371F6008AC262 /* 64-zap@2x.png */ = {isa = PBXFileReference; lastKnownFileType = image.png; path = "64-zap@2x.png"; sourceTree = "<group>"; };
		0346FF9E13A375AC008AC262 /* UpdateOperation.h */ = {isa = PBXFileReference; fileEncoding = 4; lastKnownFileType = sourcecode.c.h; path = UpdateOperation.h; sourceTree = "<group>"; };
		0346FF9F13A375AC008AC262 /* UpdateOperation.m */ = {isa = PBXFileReference; fileEncoding = 4; lastKnownFileType = sourcecode.c.objc; path = UpdateOperation.m; sourceTree = "<group>"; };
		03D8892813A8F086001BAF74 /* de_sat.png */ = {isa = PBXFileReference; lastKnownFileType = image.png; path = de_sat.png; sourceTree = "<group>"; };
		03D8892B13A8F1CD001BAF74 /* pl_sat.png */ = {isa = PBXFileReference; lastKnownFileType = image.png; path = pl_sat.png; sourceTree = "<group>"; };
		03D8892C13A8F1CD001BAF74 /* pl.png */ = {isa = PBXFileReference; lastKnownFileType = image.png; path = pl.png; sourceTree = "<group>"; };
		03D9A6BB13A8EF24002B37A5 /* de.png */ = {isa = PBXFileReference; lastKnownFileType = image.png; path = de.png; sourceTree = "<group>"; };
		03F45D3A13A22A46009EC5D3 /* TapZoomScrollView.h */ = {isa = PBXFileReference; fileEncoding = 4; lastKnownFileType = sourcecode.c.h; path = TapZoomScrollView.h; sourceTree = "<group>"; };
		03F45D3B13A22A46009EC5D3 /* TapZoomScrollView.m */ = {isa = PBXFileReference; fileEncoding = 4; lastKnownFileType = sourcecode.c.objc; path = TapZoomScrollView.m; sourceTree = "<group>"; };
		03F45D4613A23C1C009EC5D3 /* data.h */ = {isa = PBXFileReference; fileEncoding = 4; lastKnownFileType = sourcecode.c.h; path = data.h; sourceTree = "<group>"; };
		03F45D4713A23C1C009EC5D3 /* data.m */ = {isa = PBXFileReference; fileEncoding = 4; lastKnownFileType = sourcecode.c.objc; path = data.m; sourceTree = "<group>"; };
/* End PBXFileReference section */

/* Begin PBXFrameworksBuildPhase section */
		030BEFD613A2183F0016562A /* Frameworks */ = {
			isa = PBXFrameworksBuildPhase;
			buildActionMask = 2147483647;
			files = (
				030BEFDE13A2183F0016562A /* UIKit.framework in Frameworks */,
				030BEFE013A2183F0016562A /* Foundation.framework in Frameworks */,
				030BEFE213A2183F0016562A /* CoreGraphics.framework in Frameworks */,
			);
			runOnlyForDeploymentPostprocessing = 0;
		};
/* End PBXFrameworksBuildPhase section */

/* Begin PBXGroup section */
		030BEFCE13A2183F0016562A = {
			isa = PBXGroup;
			children = (
				030BEFE313A2183F0016562A /* Blitzradar */,
				030BEFDC13A2183F0016562A /* Frameworks */,
				030BEFDA13A2183F0016562A /* Products */,
			);
			sourceTree = "<group>";
		};
		030BEFDA13A2183F0016562A /* Products */ = {
			isa = PBXGroup;
			children = (
				030BEFD913A2183F0016562A /* Blitzradar.app */,
			);
			name = Products;
			sourceTree = "<group>";
		};
		030BEFDC13A2183F0016562A /* Frameworks */ = {
			isa = PBXGroup;
			children = (
				030BEFDD13A2183F0016562A /* UIKit.framework */,
				030BEFDF13A2183F0016562A /* Foundation.framework */,
				030BEFE113A2183F0016562A /* CoreGraphics.framework */,
			);
			name = Frameworks;
			sourceTree = "<group>";
		};
		030BEFE313A2183F0016562A /* Blitzradar */ = {
			isa = PBXGroup;
			children = (
				030BF00313A218F30016562A /* Res */,
				030BEFEC13A2183F0016562A /* BlitzradarAppDelegate.h */,
				030BEFED13A2183F0016562A /* BlitzradarAppDelegate.m */,
				030BEFEF13A2183F0016562A /* MainWindow.xib */,
				030BEFF213A2183F0016562A /* FirstViewController.h */,
				030BEFF313A2183F0016562A /* FirstViewController.m */,
				030BEFF513A2183F0016562A /* SecondViewController.h */,
				030BEFF613A2183F0016562A /* SecondViewController.m */,
				030BEFF813A2183F0016562A /* FirstView.xib */,
				030BEFFB13A2183F0016562A /* SecondView.xib */,
				030BEFE413A2183F0016562A /* Supporting Files */,
				0303B73613A21A5500026979 /* bounds.c */,
				0303B73713A21A5500026979 /* bounds.h */,
				0303B73A13A21BC900026979 /* defines.h */,
				0303B73B13A21C1200026979 /* utils.h */,
				0303B73C13A21C1200026979 /* utils.m */,
				03F45D3A13A22A46009EC5D3 /* TapZoomScrollView.h */,
				03F45D3B13A22A46009EC5D3 /* TapZoomScrollView.m */,
				03F45D4613A23C1C009EC5D3 /* data.h */,
				03F45D4713A23C1C009EC5D3 /* data.m */,
				0346FF9E13A375AC008AC262 /* UpdateOperation.h */,
				0346FF9F13A375AC008AC262 /* UpdateOperation.m */,
			);
			path = Blitzradar;
			sourceTree = "<group>";
		};
		030BEFE413A2183F0016562A /* Supporting Files */ = {
			isa = PBXGroup;
			children = (
				030BEFE513A2183F0016562A /* Blitzradar-Info.plist */,
				030BEFE613A2183F0016562A /* InfoPlist.strings */,
				030BEFE913A2183F0016562A /* Blitzradar-Prefix.pch */,
				030BEFEA13A2183F0016562A /* main.m */,
			);
			name = "Supporting Files";
			sourceTree = "<group>";
		};
		030BF00313A218F30016562A /* Res */ = {
			isa = PBXGroup;
			children = (
				03D8892B13A8F1CD001BAF74 /* pl_sat.png */,
				03D8892C13A8F1CD001BAF74 /* pl.png */,
				03D8892813A8F086001BAF74 /* de_sat.png */,
				03D9A6BB13A8EF24002B37A5 /* de.png */,
				0346FF9A13A371F6008AC262 /* 64-zap.png */,
				0346FF9B13A371F6008AC262 /* 64-zap@2x.png */,
				0346FF9513A37187008AC262 /* 95-equalizer.png */,
				0346FF9613A37187008AC262 /* 95-equalizer@2x.png */,
			);
			name = Res;
			sourceTree = "<group>";
		};
/* End PBXGroup section */

/* Begin PBXNativeTarget section */
		030BEFD813A2183F0016562A /* Blitzradar */ = {
			isa = PBXNativeTarget;
			buildConfigurationList = 030BF00013A2183F0016562A /* Build configuration list for PBXNativeTarget "Blitzradar" */;
			buildPhases = (
				030BEFD513A2183F0016562A /* Sources */,
				030BEFD613A2183F0016562A /* Frameworks */,
				030BEFD713A2183F0016562A /* Resources */,
			);
			buildRules = (
			);
			dependencies = (
			);
			name = Blitzradar;
			productName = Blitzradar;
			productReference = 030BEFD913A2183F0016562A /* Blitzradar.app */;
			productType = "com.apple.product-type.application";
		};
/* End PBXNativeTarget section */

/* Begin PBXProject section */
		030BEFD013A2183F0016562A /* Project object */ = {
			isa = PBXProject;
			buildConfigurationList = 030BEFD313A2183F0016562A /* Build configuration list for PBXProject "Blitzradar" */;
			compatibilityVersion = "Xcode 3.2";
			developmentRegion = English;
			hasScannedForEncodings = 0;
			knownRegions = (
				en,
			);
			mainGroup = 030BEFCE13A2183F0016562A;
			productRefGroup = 030BEFDA13A2183F0016562A /* Products */;
			projectDirPath = "";
			projectRoot = "";
			targets = (
				030BEFD813A2183F0016562A /* Blitzradar */,
			);
		};
/* End PBXProject section */

/* Begin PBXResourcesBuildPhase section */
		030BEFD713A2183F0016562A /* Resources */ = {
			isa = PBXResourcesBuildPhase;
			buildActionMask = 2147483647;
			files = (
				030BEFE813A2183F0016562A /* InfoPlist.strings in Resources */,
				030BEFF113A2183F0016562A /* MainWindow.xib in Resources */,
				030BEFFA13A2183F0016562A /* FirstView.xib in Resources */,
				030BEFFD13A2183F0016562A /* SecondView.xib in Resources */,
				0346FF9713A37187008AC262 /* 95-equalizer.png in Resources */,
				0346FF9813A37187008AC262 /* 95-equalizer@2x.png in Resources */,
				0346FF9C13A371F6008AC262 /* 64-zap.png in Resources */,
				0346FF9D13A371F6008AC262 /* 64-zap@2x.png in Resources */,
				03D9A6BC13A8EF24002B37A5 /* de.png in Resources */,
				03D8892913A8F086001BAF74 /* de_sat.png in Resources */,
				03D8892D13A8F1CD001BAF74 /* pl_sat.png in Resources */,
				03D8892E13A8F1CD001BAF74 /* pl.png in Resources */,
			);
			runOnlyForDeploymentPostprocessing = 0;
		};
/* End PBXResourcesBuildPhase section */

/* Begin PBXSourcesBuildPhase section */
		030BEFD513A2183F0016562A /* Sources */ = {
			isa = PBXSourcesBuildPhase;
			buildActionMask = 2147483647;
			files = (
				030BEFEB13A2183F0016562A /* main.m in Sources */,
				030BEFEE13A2183F0016562A /* BlitzradarAppDelegate.m in Sources */,
				030BEFF413A2183F0016562A /* FirstViewController.m in Sources */,
				030BEFF713A2183F0016562A /* SecondViewController.m in Sources */,
				0303B73813A21A5500026979 /* bounds.c in Sources */,
				0303B73D13A21C1200026979 /* utils.m in Sources */,
				03F45D3C13A22A46009EC5D3 /* TapZoomScrollView.m in Sources */,
				03F45D4813A23C1C009EC5D3 /* data.m in Sources */,
				0346FFA013A375AD008AC262 /* UpdateOperation.m in Sources */,
			);
			runOnlyForDeploymentPostprocessing = 0;
		};
/* End PBXSourcesBuildPhase section */

/* Begin PBXVariantGroup section */
		030BEFE613A2183F0016562A /* InfoPlist.strings */ = {
			isa = PBXVariantGroup;
			children = (
				030BEFE713A2183F0016562A /* en */,
			);
			name = InfoPlist.strings;
			sourceTree = "<group>";
		};
		030BEFEF13A2183F0016562A /* MainWindow.xib */ = {
			isa = PBXVariantGroup;
			children = (
				030BEFF013A2183F0016562A /* en */,
			);
			name = MainWindow.xib;
			sourceTree = "<group>";
		};
		030BEFF813A2183F0016562A /* FirstView.xib */ = {
			isa = PBXVariantGroup;
			children = (
				030BEFF913A2183F0016562A /* en */,
			);
			name = FirstView.xib;
			sourceTree = "<group>";
		};
		030BEFFB13A2183F0016562A /* SecondView.xib */ = {
			isa = PBXVariantGroup;
			children = (
				030BEFFC13A2183F0016562A /* en */,
			);
			name = SecondView.xib;
			sourceTree = "<group>";
		};
/* End PBXVariantGroup section */

/* Begin XCBuildConfiguration section */
		030BEFFE13A2183F0016562A /* Debug */ = {
			isa = XCBuildConfiguration;
			buildSettings = {
				ARCHS = "$(ARCHS_STANDARD_32_BIT)";
				"CODE_SIGN_IDENTITY[sdk=iphoneos*]" = "iPhone Developer";
				GCC_C_LANGUAGE_STANDARD = gnu99;
				GCC_OPTIMIZATION_LEVEL = 0;
				GCC_PREPROCESSOR_DEFINITIONS = DEBUG;
				GCC_SYMBOLS_PRIVATE_EXTERN = NO;
				GCC_VERSION = com.apple.compilers.llvmgcc42;
				GCC_WARN_ABOUT_RETURN_TYPE = YES;
				GCC_WARN_UNUSED_VARIABLE = YES;
				IPHONEOS_DEPLOYMENT_TARGET = 4.3;
				SDKROOT = iphoneos;
			};
			name = Debug;
		};
		030BEFFF13A2183F0016562A /* Release */ = {
			isa = XCBuildConfiguration;
			buildSettings = {
				ARCHS = "$(ARCHS_STANDARD_32_BIT)";
				"CODE_SIGN_IDENTITY[sdk=iphoneos*]" = "iPhone Developer";
				GCC_C_LANGUAGE_STANDARD = gnu99;
				GCC_VERSION = com.apple.compilers.llvmgcc42;
				GCC_WARN_ABOUT_RETURN_TYPE = YES;
				GCC_WARN_UNUSED_VARIABLE = YES;
				IPHONEOS_DEPLOYMENT_TARGET = 4.3;
				OTHER_CFLAGS = "-DNS_BLOCK_ASSERTIONS=1";
				SDKROOT = iphoneos;
			};
			name = Release;
		};
		030BF00113A2183F0016562A /* Debug */ = {
			isa = XCBuildConfiguration;
			buildSettings = {
				ALWAYS_SEARCH_USER_PATHS = NO;
				CODE_SIGN_IDENTITY = "iPhone Developer";
				COPY_PHASE_STRIP = NO;
				GCC_DYNAMIC_NO_PIC = NO;
				GCC_PRECOMPILE_PREFIX_HEADER = YES;
				GCC_PREFIX_HEADER = "Blitzradar/Blitzradar-Prefix.pch";
				INFOPLIST_FILE = "Blitzradar/Blitzradar-Info.plist";
				PRODUCT_NAME = "$(TARGET_NAME)";
				PROVISIONING_PROFILE = "";
				WRAPPER_EXTENSION = app;
			};
			name = Debug;
		};
		030BF00213A2183F0016562A /* Release */ = {
			isa = XCBuildConfiguration;
			buildSettings = {
				ALWAYS_SEARCH_USER_PATHS = NO;
				CODE_SIGN_IDENTITY = "iPhone Developer";
				COPY_PHASE_STRIP = YES;
				GCC_PRECOMPILE_PREFIX_HEADER = YES;
				GCC_PREFIX_HEADER = "Blitzradar/Blitzradar-Prefix.pch";
				INFOPLIST_FILE = "Blitzradar/Blitzradar-Info.plist";
				PRODUCT_NAME = "$(TARGET_NAME)";
				PROVISIONING_PROFILE = "";
				VALIDATE_PRODUCT = YES;
				WRAPPER_EXTENSION = app;
			};
			name = Release;
		};
/* End XCBuildConfiguration section */

/* Begin XCConfigurationList section */
		030BEFD313A2183F0016562A /* Build configuration list for PBXProject "Blitzradar" */ = {
			isa = XCConfigurationList;
			buildConfigurations = (
				030BEFFE13A2183F0016562A /* Debug */,
				030BEFFF13A2183F0016562A /* Release */,
			);
			defaultConfigurationIsVisible = 0;
			defaultConfigurationName = Release;
		};
		030BF00013A2183F0016562A /* Build configuration list for PBXNativeTarget "Blitzradar" */ = {
			isa = XCConfigurationList;
			buildConfigurations = (
				030BF00113A2183F0016562A /* Debug */,
				030BF00213A2183F0016562A /* Release */,
			);
			defaultConfigurationIsVisible = 0;
			defaultConfigurationName = Release;
		};
/* End XCConfigurationList section */
	};
	rootObject = 030BEFD013A2183F0016562A /* Project object */;
}
